
Microsoft Visual Studio Solution File, Format Version 12.00
# Visual Studio Version 17
VisualStudioVersion = 17.4.33205.214
MinimumVisualStudioVersion = 10.0.40219.1
Project("{9A19103F-16F7-4668-BE54-9A1E7A4F7556}") = "GloomSlation", "GloomSlation.csproj", "{55669E9D-AA20-44C2-A0C0-266C5952C4ED}"
EndProject
Global
	GlobalSection(SolutionConfigurationPlatforms) = preSolution
		Debug|Any CPU = Debug|Any CPU
		Release|Any CPU = Release|Any CPU
	EndGlobalSection
	GlobalSection(ProjectConfigurationPlatforms) = postSolution
		{55669E9D-AA20-44C2-A0C0-266C5952C4ED}.Debug|Any CPU.ActiveCfg = Debug|Any CPU
		{55669E9D-AA20-44C2-A0C0-266C5952C4ED}.Debug|Any CPU.Build.0 = Debug|Any CPU
		{55669E9D-AA20-44C2-A0C0-266C5952C4ED}.Release|Any CPU.ActiveCfg = Release|Any CPU
		{55669E9D-AA20-44C2-A0C0-266C5952C4ED}.Release|Any CPU.Build.0 = Release|Any CPU
	EndGlobalSection
	GlobalSection(SolutionProperties) = preSolution
		HideSolutionNode = FALSE
	EndGlobalSection
	GlobalSection(ExtensibilityGlobals) = postSolution
		SolutionGuid = {46E8F43D-8EEF-4715-988B-55555BEDDB4D}
	EndGlobalSection
EndGlobal
